
Microsoft Visual Studio Solution File, Format Version 12.00
# Visual Studio Version 17
VisualStudioVersion = 17.7.34202.233
MinimumVisualStudioVersion = 10.0.40219.1
Project("{FAE04EC0-301F-11D3-BF4B-00C04F79EFBC}") = "labC#1", "labC#1\labC#1.csproj", "{ABBC814C-55FF-4239-A80B-9C79519939D2}"
EndProject
Global
	GlobalSection(SolutionConfigurationPlatforms) = preSolution
		Debug|Any CPU = Debug|Any CPU
		Release|Any CPU = Release|Any CPU
	EndGlobalSection
	GlobalSection(ProjectConfigurationPlatforms) = postSolution
		{ABBC814C-55FF-4239-A80B-9C79519939D2}.Debug|Any CPU.ActiveCfg = Debug|Any CPU
		{ABBC814C-55FF-4239-A80B-9C79519939D2}.Debug|Any CPU.Build.0 = Debug|Any CPU
		{ABBC814C-55FF-4239-A80B-9C79519939D2}.Release|Any CPU.ActiveCfg = Release|Any CPU
		{ABBC814C-55FF-4239-A80B-9C79519939D2}.Release|Any CPU.Build.0 = Release|Any CPU
	EndGlobalSection
	GlobalSection(SolutionProperties) = preSolution
		HideSolutionNode = FALSE
	EndGlobalSection
	GlobalSection(ExtensibilityGlobals) = postSolution
		SolutionGuid = {B668BEF0-5DD3-4EBF-9F49-2B9CEC7E5457}
	EndGlobalSection
EndGlobal
